
Microsoft Visual Studio Solution File, Format Version 12.00
# Visual Studio Version 17
VisualStudioVersion = 17.14.36203.30 d17.14
MinimumVisualStudioVersion = 10.0.40219.1
Project("{FAE04EC0-301F-11D3-BF4B-00C04F79EFBC}") = "ConfigAPI", "ConfigAPI\ConfigAPI.csproj", "{70F192C5-01CB-41DF-BF03-1E63DF173EE7}"
EndProject
Global
	GlobalSection(SolutionConfigurationPlatforms) = preSolution
		Debug|Any CPU = Debug|Any CPU
		Release|Any CPU = Release|Any CPU
	EndGlobalSection
	GlobalSection(ProjectConfigurationPlatforms) = postSolution
		{70F192C5-01CB-41DF-BF03-1E63DF173EE7}.Debug|Any CPU.ActiveCfg = Debug|Any CPU
		{70F192C5-01CB-41DF-BF03-1E63DF173EE7}.Debug|Any CPU.Build.0 = Debug|Any CPU
		{70F192C5-01CB-41DF-BF03-1E63DF173EE7}.Release|Any CPU.ActiveCfg = Release|Any CPU
		{70F192C5-01CB-41DF-BF03-1E63DF173EE7}.Release|Any CPU.Build.0 = Release|Any CPU
	EndGlobalSection
	GlobalSection(SolutionProperties) = preSolution
		HideSolutionNode = FALSE
	EndGlobalSection
	GlobalSection(ExtensibilityGlobals) = postSolution
		SolutionGuid = {66D22A83-664A-4F28-AD88-E8F41F622905}
	EndGlobalSection
EndGlobal
